<?xml version="1.0" encoding="utf-8"?>
<Project ToolsVersion="4.0" xmlns="http://schemas.microsoft.com/developer/msbuild/2003">
  <ItemGroup>
    <Filter Include="resource">
      <UniqueIdentifier>{715254bc-d70b-4ec5-bf29-467dd3ace079}</UniqueIdentifier>
    </Filter>
    <Filter Include="src">
      <UniqueIdentifier>{bb6c862e-70e9-49d9-81b7-3829a6f50471}</UniqueIdentifier>
    </Filter>
  </ItemGroup>
  <ItemGroup>
    <Image Include="res\game.ico" />
  </ItemGroup>
  <ItemGroup>
    <ResourceCompile Include="game.rc">
      <Filter>resource</Filter>
    </ResourceCompile>
  </ItemGroup>
  <ItemGroup>
    <ClInclude Include="AppDelegate.h">
      <Filter>src</Filter>
    </ClInclude>
    <ClInclude Include="FirstPageScene.h">
      <Filter>src</Filter>
    </ClInclude>
    <ClInclude Include="HelloWorldScene.h">
      <Filter>src</Filter>
    </ClInclude>
    <ClInclude Include="LoginScene.h">
      <Filter>src</Filter>
    </ClInclude>
    <ClInclude Include="main.h">
      <Filter>src</Filter>
    </ClInclude>
    <ClInclude Include="MainScene.h">
      <Filter>src</Filter>
    </ClInclude>
    <ClInclude Include="MySupportFuncs.h">
      <Filter>src</Filter>
    </ClInclude>
    <ClInclude Include="resource.h">
      <Filter>src</Filter>
    </ClInclude>
    <ClInclude Include="SelectScene.h">
      <Filter>src</Filter>
    </ClInclude>
    <ClInclude Include="testScene.h">
      <Filter>src</Filter>
    </ClInclude>
  </ItemGroup>
  <ItemGroup>
    <ClCompile Include="AppDelegate.cpp">
      <Filter>src</Filter>
    </ClCompile>
    <ClCompile Include="FirstPageScene.cpp">
      <Filter>src</Filter>
    </ClCompile>
    <ClCompile Include="HelloWorldScene.cpp">
      <Filter>src</Filter>
    </ClCompile>
    <ClCompile Include="LoginScene.cpp">
      <Filter>src</Filter>
    </ClCompile>
    <ClCompile Include="main.cpp">
      <Filter>src</Filter>
    </ClCompile>
    <ClCompile Include="MainScene.cpp">
      <Filter>src</Filter>
    </ClCompile>
    <ClCompile Include="MySupportFuncs.cpp">
      <Filter>src</Filter>
    </ClCompile>
    <ClCompile Include="SelectScene.cpp">
      <Filter>src</Filter>
    </ClCompile>
    <ClCompile Include="testScene.cpp">
      <Filter>src</Filter>
    </ClCompile>
  </ItemGroup>
</Project>